
Microsoft Visual Studio Solution File, Format Version 12.00
# Visual Studio Version 16
VisualStudioVersion = 16.0.30804.86
MinimumVisualStudioVersion = 10.0.40219.1
Project("{9A19103F-16F7-4668-BE54-9A1E7A4F7556}") = "WebApplication2", "WebApplication2.csproj", "{B5801856-D587-4190-B6CE-6CF3FB0ECEDC}"
EndProject
Global
	GlobalSection(SolutionConfigurationPlatforms) = preSolution
		Debug|Any CPU = Debug|Any CPU
		Release|Any CPU = Release|Any CPU
	EndGlobalSection
	GlobalSection(ProjectConfigurationPlatforms) = postSolution
		{B5801856-D587-4190-B6CE-6CF3FB0ECEDC}.Debug|Any CPU.ActiveCfg = Debug|Any CPU
		{B5801856-D587-4190-B6CE-6CF3FB0ECEDC}.Debug|Any CPU.Build.0 = Debug|Any CPU
		{B5801856-D587-4190-B6CE-6CF3FB0ECEDC}.Release|Any CPU.ActiveCfg = Release|Any CPU
		{B5801856-D587-4190-B6CE-6CF3FB0ECEDC}.Release|Any CPU.Build.0 = Release|Any CPU
	EndGlobalSection
	GlobalSection(SolutionProperties) = preSolution
		HideSolutionNode = FALSE
	EndGlobalSection
	GlobalSection(ExtensibilityGlobals) = postSolution
		SolutionGuid = {2CEA7066-DC12-4D2C-834A-359D8401F9D2}
	EndGlobalSection
EndGlobal
